
Microsoft Visual Studio Solution File, Format Version 12.00
# Visual Studio 15
VisualStudioVersion = 15.0.27703.2026
MinimumVisualStudioVersion = 10.0.40219.1
Project("{FAE04EC0-301F-11D3-BF4B-00C04F79EFBC}") = "PluginHead", "PluginHead\PluginHead.csproj", "{F1908D8B-FC63-44BD-A401-99162D989DD1}"
EndProject
Global
	GlobalSection(SolutionConfigurationPlatforms) = preSolution
		Debug|Any CPU = Debug|Any CPU
		Release|Any CPU = Release|Any CPU
	EndGlobalSection
	GlobalSection(ProjectConfigurationPlatforms) = postSolution
		{F1908D8B-FC63-44BD-A401-99162D989DD1}.Debug|Any CPU.ActiveCfg = Debug|Any CPU
		{F1908D8B-FC63-44BD-A401-99162D989DD1}.Debug|Any CPU.Build.0 = Debug|Any CPU
		{F1908D8B-FC63-44BD-A401-99162D989DD1}.Release|Any CPU.ActiveCfg = Release|Any CPU
		{F1908D8B-FC63-44BD-A401-99162D989DD1}.Release|Any CPU.Build.0 = Release|Any CPU
	EndGlobalSection
	GlobalSection(SolutionProperties) = preSolution
		HideSolutionNode = FALSE
	EndGlobalSection
	GlobalSection(ExtensibilityGlobals) = postSolution
		SolutionGuid = {3BA9CDC4-AD3C-4129-9226-371F6350E46F}
	EndGlobalSection
EndGlobal
